
Microsoft Visual Studio Solution File, Format Version 12.00
# Visual Studio 14
VisualStudioVersion = 14.0.25420.1
MinimumVisualStudioVersion = 10.0.40219.1
Project("{B45C44CD-E95B-43EF-AF7C-4D25776FBF5E}") = "LisaGitTraining", "LisaGitTraining\LisaGitTraining.osproj", "{37691FC8-80F9-4690-B3E8-84E6044154AE}"
EndProject
Global
	GlobalSection(SolutionConfigurationPlatforms) = preSolution
		Debug|Any CPU = Debug|Any CPU
		Release|Any CPU = Release|Any CPU
	EndGlobalSection
	GlobalSection(ProjectConfigurationPlatforms) = postSolution
		{37691FC8-80F9-4690-B3E8-84E6044154AE}.Debug|Any CPU.ActiveCfg = Debug|Any CPU
		{37691FC8-80F9-4690-B3E8-84E6044154AE}.Debug|Any CPU.Build.0 = Debug|Any CPU
		{37691FC8-80F9-4690-B3E8-84E6044154AE}.Release|Any CPU.ActiveCfg = Release|Any CPU
		{37691FC8-80F9-4690-B3E8-84E6044154AE}.Release|Any CPU.Build.0 = Release|Any CPU
	EndGlobalSection
	GlobalSection(SolutionProperties) = preSolution
		HideSolutionNode = FALSE
	EndGlobalSection
EndGlobal
